
Microsoft Visual Studio Solution File, Format Version 12.00
# Visual Studio 15
VisualStudioVersion = 15.0.27703.2042
MinimumVisualStudioVersion = 10.0.40219.1
Project("{FAE04EC0-301F-11D3-BF4B-00C04F79EFBC}") = "Ticketeira", "Ticketeira\Ticketeira.csproj", "{63E2785F-7155-45A0-8C97-B1FC0B7EE12A}"
EndProject
Global
	GlobalSection(SolutionConfigurationPlatforms) = preSolution
		Debug|Any CPU = Debug|Any CPU
		Release|Any CPU = Release|Any CPU
	EndGlobalSection
	GlobalSection(ProjectConfigurationPlatforms) = postSolution
		{63E2785F-7155-45A0-8C97-B1FC0B7EE12A}.Debug|Any CPU.ActiveCfg = Debug|Any CPU
		{63E2785F-7155-45A0-8C97-B1FC0B7EE12A}.Debug|Any CPU.Build.0 = Debug|Any CPU
		{63E2785F-7155-45A0-8C97-B1FC0B7EE12A}.Release|Any CPU.ActiveCfg = Release|Any CPU
		{63E2785F-7155-45A0-8C97-B1FC0B7EE12A}.Release|Any CPU.Build.0 = Release|Any CPU
	EndGlobalSection
	GlobalSection(SolutionProperties) = preSolution
		HideSolutionNode = FALSE
	EndGlobalSection
	GlobalSection(ExtensibilityGlobals) = postSolution
		SolutionGuid = {8D8AC7A5-6A86-4A1F-8C66-4A0DDAA68A89}
	EndGlobalSection
EndGlobal
